
Microsoft Visual Studio Solution File, Format Version 12.00
Project("{2150E333-8FDC-42A3-9474-1A3956D46DE8}") = "src", "src", "{37E193D6-B732-4163-9D74-AC2A9D6BD4AE}"
EndProject
Project("{FAE04EC0-301F-11D3-BF4B-00C04F79EFBC}") = "QuizItEasy.API", "src\QuizItEasy.API\QuizItEasy.API.csproj", "{989DFA3A-62D9-4FC6-9C0F-BFB99C63F02B}"
EndProject
Project("{FAE04EC0-301F-11D3-BF4B-00C04F79EFBC}") = "QuizItEasy.Application", "QuizItEasy.Application\QuizItEasy.Application.csproj", "{F1057A43-9060-4F89-AA20-5A63A70B5BD3}"
EndProject
Project("{FAE04EC0-301F-11D3-BF4B-00C04F79EFBC}") = "QuizItEasy.Infrastructure", "QuizItEasy.Infrastructure\QuizItEasy.Infrastructure.csproj", "{76567E11-FD10-4761-A2E0-FB6A150BC661}"
EndProject
Project("{FAE04EC0-301F-11D3-BF4B-00C04F79EFBC}") = "QuizItEasy.Domain", "QuizItEasy.Domain\QuizItEasy.Domain.csproj", "{FA51709E-1C0E-44EE-A417-004DF0029B34}"
EndProject
Global
	GlobalSection(SolutionConfigurationPlatforms) = preSolution
		Debug|Any CPU = Debug|Any CPU
		Release|Any CPU = Release|Any CPU
	EndGlobalSection
	GlobalSection(ProjectConfigurationPlatforms) = postSolution
		{989DFA3A-62D9-4FC6-9C0F-BFB99C63F02B}.Debug|Any CPU.ActiveCfg = Debug|Any CPU
		{989DFA3A-62D9-4FC6-9C0F-BFB99C63F02B}.Debug|Any CPU.Build.0 = Debug|Any CPU
		{989DFA3A-62D9-4FC6-9C0F-BFB99C63F02B}.Release|Any CPU.ActiveCfg = Release|Any CPU
		{989DFA3A-62D9-4FC6-9C0F-BFB99C63F02B}.Release|Any CPU.Build.0 = Release|Any CPU
		{F1057A43-9060-4F89-AA20-5A63A70B5BD3}.Debug|Any CPU.ActiveCfg = Debug|Any CPU
		{F1057A43-9060-4F89-AA20-5A63A70B5BD3}.Debug|Any CPU.Build.0 = Debug|Any CPU
		{F1057A43-9060-4F89-AA20-5A63A70B5BD3}.Release|Any CPU.ActiveCfg = Release|Any CPU
		{F1057A43-9060-4F89-AA20-5A63A70B5BD3}.Release|Any CPU.Build.0 = Release|Any CPU
		{76567E11-FD10-4761-A2E0-FB6A150BC661}.Debug|Any CPU.ActiveCfg = Debug|Any CPU
		{76567E11-FD10-4761-A2E0-FB6A150BC661}.Debug|Any CPU.Build.0 = Debug|Any CPU
		{76567E11-FD10-4761-A2E0-FB6A150BC661}.Release|Any CPU.ActiveCfg = Release|Any CPU
		{76567E11-FD10-4761-A2E0-FB6A150BC661}.Release|Any CPU.Build.0 = Release|Any CPU
		{FA51709E-1C0E-44EE-A417-004DF0029B34}.Debug|Any CPU.ActiveCfg = Debug|Any CPU
		{FA51709E-1C0E-44EE-A417-004DF0029B34}.Debug|Any CPU.Build.0 = Debug|Any CPU
		{FA51709E-1C0E-44EE-A417-004DF0029B34}.Release|Any CPU.ActiveCfg = Release|Any CPU
		{FA51709E-1C0E-44EE-A417-004DF0029B34}.Release|Any CPU.Build.0 = Release|Any CPU
	EndGlobalSection
	GlobalSection(NestedProjects) = preSolution
		{989DFA3A-62D9-4FC6-9C0F-BFB99C63F02B} = {37E193D6-B732-4163-9D74-AC2A9D6BD4AE}
		{F1057A43-9060-4F89-AA20-5A63A70B5BD3} = {37E193D6-B732-4163-9D74-AC2A9D6BD4AE}
		{76567E11-FD10-4761-A2E0-FB6A150BC661} = {37E193D6-B732-4163-9D74-AC2A9D6BD4AE}
		{FA51709E-1C0E-44EE-A417-004DF0029B34} = {37E193D6-B732-4163-9D74-AC2A9D6BD4AE}
	EndGlobalSection
EndGlobal
