
Microsoft Visual Studio Solution File, Format Version 12.00
Project("{2150E333-8FDC-42A3-9474-1A3956D46DE8}") = "src", "src", "{37E193D6-B732-4163-9D74-AC2A9D6BD4AE}"
EndProject
Project("{FAE04EC0-301F-11D3-BF4B-00C04F79EFBC}") = "QuizItEasy.API", "src\QuizItEasy.API\QuizItEasy.API.csproj", "{989DFA3A-62D9-4FC6-9C0F-BFB99C63F02B}"
EndProject
Project("{FAE04EC0-301F-11D3-BF4B-00C04F79EFBC}") = "QuizItEasy.Domain", "src\QuizItEasy.Domain\QuizItEasy.Domain.csproj", "{A6D6F789-6626-449D-AA1A-B73B53A9D7AB}"
EndProject
Project("{FAE04EC0-301F-11D3-BF4B-00C04F79EFBC}") = "QuizItEasy.Application", "src\QuizItEasy.Application\QuizItEasy.Application.csproj", "{D5296960-1FB9-43A8-8394-9395014752D8}"
EndProject
Project("{FAE04EC0-301F-11D3-BF4B-00C04F79EFBC}") = "QuizItEasy.Infrastructure", "src\QuizItEasy.Infrastructure\QuizItEasy.Infrastructure.csproj", "{81B57763-FFDC-4BE8-96E6-24B5FAB338EE}"
EndProject
Global
	GlobalSection(SolutionConfigurationPlatforms) = preSolution
		Debug|Any CPU = Debug|Any CPU
		Release|Any CPU = Release|Any CPU
	EndGlobalSection
	GlobalSection(ProjectConfigurationPlatforms) = postSolution
		{989DFA3A-62D9-4FC6-9C0F-BFB99C63F02B}.Debug|Any CPU.ActiveCfg = Debug|Any CPU
		{989DFA3A-62D9-4FC6-9C0F-BFB99C63F02B}.Debug|Any CPU.Build.0 = Debug|Any CPU
		{989DFA3A-62D9-4FC6-9C0F-BFB99C63F02B}.Release|Any CPU.ActiveCfg = Release|Any CPU
		{989DFA3A-62D9-4FC6-9C0F-BFB99C63F02B}.Release|Any CPU.Build.0 = Release|Any CPU
		{A6D6F789-6626-449D-AA1A-B73B53A9D7AB}.Debug|Any CPU.ActiveCfg = Debug|Any CPU
		{A6D6F789-6626-449D-AA1A-B73B53A9D7AB}.Debug|Any CPU.Build.0 = Debug|Any CPU
		{A6D6F789-6626-449D-AA1A-B73B53A9D7AB}.Release|Any CPU.ActiveCfg = Release|Any CPU
		{A6D6F789-6626-449D-AA1A-B73B53A9D7AB}.Release|Any CPU.Build.0 = Release|Any CPU
		{D5296960-1FB9-43A8-8394-9395014752D8}.Debug|Any CPU.ActiveCfg = Debug|Any CPU
		{D5296960-1FB9-43A8-8394-9395014752D8}.Debug|Any CPU.Build.0 = Debug|Any CPU
		{D5296960-1FB9-43A8-8394-9395014752D8}.Release|Any CPU.ActiveCfg = Release|Any CPU
		{D5296960-1FB9-43A8-8394-9395014752D8}.Release|Any CPU.Build.0 = Release|Any CPU
		{81B57763-FFDC-4BE8-96E6-24B5FAB338EE}.Debug|Any CPU.ActiveCfg = Debug|Any CPU
		{81B57763-FFDC-4BE8-96E6-24B5FAB338EE}.Debug|Any CPU.Build.0 = Debug|Any CPU
		{81B57763-FFDC-4BE8-96E6-24B5FAB338EE}.Release|Any CPU.ActiveCfg = Release|Any CPU
		{81B57763-FFDC-4BE8-96E6-24B5FAB338EE}.Release|Any CPU.Build.0 = Release|Any CPU
	EndGlobalSection
	GlobalSection(NestedProjects) = preSolution
		{989DFA3A-62D9-4FC6-9C0F-BFB99C63F02B} = {37E193D6-B732-4163-9D74-AC2A9D6BD4AE}
		{A6D6F789-6626-449D-AA1A-B73B53A9D7AB} = {37E193D6-B732-4163-9D74-AC2A9D6BD4AE}
		{D5296960-1FB9-43A8-8394-9395014752D8} = {37E193D6-B732-4163-9D74-AC2A9D6BD4AE}
		{81B57763-FFDC-4BE8-96E6-24B5FAB338EE} = {37E193D6-B732-4163-9D74-AC2A9D6BD4AE}
	EndGlobalSection
EndGlobal
